// !$*UTF8*$!
{
	archiveVersion = 1;
	classes = {
	};
	objectVersion = 77;
	objects = {

/* Begin PBXBuildFile section */
		1B1274F9FF792D767B392D55 /* FlowIdentityTests.swift in Sources */ = {isa = PBXBuildFile; fileRef = DA2A4FAD4A1293E3A0CBC44B /* FlowIdentityTests.swift */; };
		9B6A1D47F09E302D80F5DDBE /* FlowClassificationTests.swift in Sources */ = {isa = PBXBuildFile; fileRef = 23723764EB88840D32549192 /* FlowClassificationTests.swift */; };
		B17BC01606EA796B01E88B3E /* FlowIdentity.swift in Sources */ = {isa = PBXBuildFile; fileRef = ACE7C931F88288458F6CE902 /* FlowIdentity.swift */; };
/* End PBXBuildFile section */

/* Begin PBXFileReference section */
		23723764EB88840D32549192 /* FlowClassificationTests.swift */ = {isa = PBXFileReference; lastKnownFileType = sourcecode.swift; path = FlowClassificationTests.swift; sourceTree = "<group>"; };
		ACE7C931F88288458F6CE902 /* FlowIdentity.swift */ = {isa = PBXFileReference; lastKnownFileType = sourcecode.swift; path = FlowIdentity.swift; sourceTree = "<group>"; };
		D7A4D4945110B57BD0158BD9 /* FilterLogicTests.xctest */ = {isa = PBXFileReference; explicitFileType = wrapper.cfbundle; includeInIndex = 0; path = FilterLogicTests.xctest; sourceTree = BUILT_PRODUCTS_DIR; };
		DA2A4FAD4A1293E3A0CBC44B /* FlowIdentityTests.swift */ = {isa = PBXFileReference; lastKnownFileType = sourcecode.swift; path = FlowIdentityTests.swift; sourceTree = "<group>"; };
/* End PBXFileReference section */

/* Begin PBXGroup section */
		3BDBACB988210656D4330432 /* Tests */ = {
			isa = PBXGroup;
			children = (
				23723764EB88840D32549192 /* FlowClassificationTests.swift */,
				DA2A4FAD4A1293E3A0CBC44B /* FlowIdentityTests.swift */,
			);
			path = Tests;
			sourceTree = "<group>";
		};
		48B7C32CE009B08AF7EFC4D6 = {
			isa = PBXGroup;
			children = (
				DA1C99A5B4458047A1BED078 /* Extension */,
				3BDBACB988210656D4330432 /* Tests */,
				F230D50E5C9E0C7E3E20DBA9 /* Products */,
			);
			sourceTree = "<group>";
		};
		DA1C99A5B4458047A1BED078 /* Extension */ = {
			isa = PBXGroup;
			children = (
				ACE7C931F88288458F6CE902 /* FlowIdentity.swift */,
			);
			path = Extension;
			sourceTree = "<group>";
		};
		F230D50E5C9E0C7E3E20DBA9 /* Products */ = {
			isa = PBXGroup;
			children = (
				D7A4D4945110B57BD0158BD9 /* FilterLogicTests.xctest */,
			);
			name = Products;
			sourceTree = "<group>";
		};
/* End PBXGroup section */

/* Begin PBXNativeTarget section */
		C830DFE3299A1D263686219C /* FilterLogicTests */ = {
			isa = PBXNativeTarget;
			buildConfigurationList = CE95EE8B609C5195D820EF9D /* Build configuration list for PBXNativeTarget "FilterLogicTests" */;
			buildPhases = (
				681FD090A7AF6C511A22381F /* Sources */,
			);
			buildRules = (
			);
			dependencies = (
			);
			name = FilterLogicTests;
			packageProductDependencies = (
			);
			productName = FilterLogicTests;
			productReference = D7A4D4945110B57BD0158BD9 /* FilterLogicTests.xctest */;
			productType = "com.apple.product-type.bundle.unit-test";
		};
/* End PBXNativeTarget section */

/* Begin PBXProject section */
		D075DA27540296D795C5473F /* Project object */ = {
			isa = PBXProject;
			attributes = {
				BuildIndependentTargetsInParallel = YES;
				LastUpgradeCheck = 1430;
				TargetAttributes = {
					C830DFE3299A1D263686219C = {
						ProvisioningStyle = Manual;
					};
				};
			};
			buildConfigurationList = 5C9FD5E480EB5610D79E41A5 /* Build configuration list for PBXProject "TapflowNetFilterTests" */;
			developmentRegion = en;
			hasScannedForEncodings = 0;
			knownRegions = (
				Base,
				en,
			);
			mainGroup = 48B7C32CE009B08AF7EFC4D6;
			minimizedProjectReferenceProxies = 1;
			preferredProjectObjectVersion = 77;
			productRefGroup = F230D50E5C9E0C7E3E20DBA9 /* Products */;
			projectDirPath = "";
			projectRoot = "";
			targets = (
				C830DFE3299A1D263686219C /* FilterLogicTests */,
			);
		};
/* End PBXProject section */

/* Begin PBXSourcesBuildPhase section */
		681FD090A7AF6C511A22381F /* Sources */ = {
			isa = PBXSourcesBuildPhase;
			buildActionMask = 2147483647;
			files = (
				9B6A1D47F09E302D80F5DDBE /* FlowClassificationTests.swift in Sources */,
				B17BC01606EA796B01E88B3E /* FlowIdentity.swift in Sources */,
				1B1274F9FF792D767B392D55 /* FlowIdentityTests.swift in Sources */,
			);
			runOnlyForDeploymentPostprocessing = 0;
		};
/* End PBXSourcesBuildPhase section */

/* Begin XCBuildConfiguration section */
		2AC661D698675A6561D0D763 /* Release */ = {
			isa = XCBuildConfiguration;
			buildSettings = {
				BUNDLE_LOADER = "$(TEST_HOST)";
				COMBINE_HIDPI_IMAGES = YES;
				LD_RUNPATH_SEARCH_PATHS = (
					"$(inherited)",
					"@executable_path/../Frameworks",
					"@loader_path/../Frameworks",
				);
				PRODUCT_BUNDLE_IDENTIFIER = dev.tapflow.FilterLogicTests;
				SDKROOT = macosx;
			};
			name = Release;
		};
		4D50ECF7CF0111305F46E8A9 /* Debug */ = {
			isa = XCBuildConfiguration;
			buildSettings = {
				ALWAYS_SEARCH_USER_PATHS = NO;
				CLANG_ANALYZER_NONNULL = YES;
				CLANG_ANALYZER_NUMBER_OBJECT_CONVERSION = YES_AGGRESSIVE;
				CLANG_CXX_LANGUAGE_STANDARD = "gnu++14";
				CLANG_CXX_LIBRARY = "libc++";
				CLANG_ENABLE_MODULES = YES;
				CLANG_ENABLE_OBJC_ARC = YES;
				CLANG_ENABLE_OBJC_WEAK = YES;
				CLANG_WARN_BLOCK_CAPTURE_AUTORELEASING = YES;
				CLANG_WARN_BOOL_CONVERSION = YES;
				CLANG_WARN_COMMA = YES;
				CLANG_WARN_CONSTANT_CONVERSION = YES;
				CLANG_WARN_DEPRECATED_OBJC_IMPLEMENTATIONS = YES;
				CLANG_WARN_DIRECT_OBJC_ISA_USAGE = YES_ERROR;
				CLANG_WARN_DOCUMENTATION_COMMENTS = YES;
				CLANG_WARN_EMPTY_BODY = YES;
				CLANG_WARN_ENUM_CONVERSION = YES;
				CLANG_WARN_INFINITE_RECURSION = YES;
				CLANG_WARN_INT_CONVERSION = YES;
				CLANG_WARN_NON_LITERAL_NULL_CONVERSION = YES;
				CLANG_WARN_OBJC_IMPLICIT_RETAIN_SELF = YES;
				CLANG_WARN_OBJC_LITERAL_CONVERSION = YES;
				CLANG_WARN_OBJC_ROOT_CLASS = YES_ERROR;
				CLANG_WARN_QUOTED_INCLUDE_IN_FRAMEWORK_HEADER = YES;
				CLANG_WARN_RANGE_LOOP_ANALYSIS = YES;
				CLANG_WARN_STRICT_PROTOTYPES = YES;
				CLANG_WARN_SUSPICIOUS_MOVE = YES;
				CLANG_WARN_UNGUARDED_AVAILABILITY = YES_AGGRESSIVE;
				CLANG_WARN_UNREACHABLE_CODE = YES;
				CLANG_WARN__DUPLICATE_METHOD_MATCH = YES;
				CODE_SIGNING_REQUIRED = NO;
				CODE_SIGN_IDENTITY = "-";
				CODE_SIGN_STYLE = Manual;
				COPY_PHASE_STRIP = NO;
				DEBUG_INFORMATION_FORMAT = dwarf;
				ENABLE_HARDENED_RUNTIME = NO;
				ENABLE_STRICT_OBJC_MSGSEND = YES;
				ENABLE_TESTABILITY = YES;
				GCC_C_LANGUAGE_STANDARD = gnu11;
				GCC_DYNAMIC_NO_PIC = NO;
				GCC_NO_COMMON_BLOCKS = YES;
				GCC_OPTIMIZATION_LEVEL = 0;
				GCC_PREPROCESSOR_DEFINITIONS = (
					"$(inherited)",
					"DEBUG=1",
				);
				GCC_WARN_64_TO_32_BIT_CONVERSION = YES;
				GCC_WARN_ABOUT_RETURN_TYPE = YES_ERROR;
				GCC_WARN_UNDECLARED_SELECTOR = YES;
				GCC_WARN_UNINITIALIZED_AUTOS = YES_AGGRESSIVE;
				GCC_WARN_UNUSED_FUNCTION = YES;
				GCC_WARN_UNUSED_VARIABLE = YES;
				MACOSX_DEPLOYMENT_TARGET = 15.0;
				MTL_ENABLE_DEBUG_INFO = INCLUDE_SOURCE;
				MTL_FAST_MATH = YES;
				ONLY_ACTIVE_ARCH = YES;
				PRODUCT_NAME = "$(TARGET_NAME)";
				SDKROOT = macosx;
				SWIFT_ACTIVE_COMPILATION_CONDITIONS = DEBUG;
				SWIFT_OPTIMIZATION_LEVEL = "-Onone";
				SWIFT_VERSION = 5;
			};
			name = Debug;
		};
		B987FE0C149852403F38EDCB /* Release */ = {
			isa = XCBuildConfiguration;
			buildSettings = {
				ALWAYS_SEARCH_USER_PATHS = NO;
				CLANG_ANALYZER_NONNULL = YES;
				CLANG_ANALYZER_NUMBER_OBJECT_CONVERSION = YES_AGGRESSIVE;
				CLANG_CXX_LANGUAGE_STANDARD = "gnu++14";
				CLANG_CXX_LIBRARY = "libc++";
				CLANG_ENABLE_MODULES = YES;
				CLANG_ENABLE_OBJC_ARC = YES;
				CLANG_ENABLE_OBJC_WEAK = YES;
				CLANG_WARN_BLOCK_CAPTURE_AUTORELEASING = YES;
				CLANG_WARN_BOOL_CONVERSION = YES;
				CLANG_WARN_COMMA = YES;
				CLANG_WARN_CONSTANT_CONVERSION = YES;
				CLANG_WARN_DEPRECATED_OBJC_IMPLEMENTATIONS = YES;
				CLANG_WARN_DIRECT_OBJC_ISA_USAGE = YES_ERROR;
				CLANG_WARN_DOCUMENTATION_COMMENTS = YES;
				CLANG_WARN_EMPTY_BODY = YES;
				CLANG_WARN_ENUM_CONVERSION = YES;
				CLANG_WARN_INFINITE_RECURSION = YES;
				CLANG_WARN_INT_CONVERSION = YES;
				CLANG_WARN_NON_LITERAL_NULL_CONVERSION = YES;
				CLANG_WARN_OBJC_IMPLICIT_RETAIN_SELF = YES;
				CLANG_WARN_OBJC_LITERAL_CONVERSION = YES;
				CLANG_WARN_OBJC_ROOT_CLASS = YES_ERROR;
				CLANG_WARN_QUOTED_INCLUDE_IN_FRAMEWORK_HEADER = YES;
				CLANG_WARN_RANGE_LOOP_ANALYSIS = YES;
				CLANG_WARN_STRICT_PROTOTYPES = YES;
				CLANG_WARN_SUSPICIOUS_MOVE = YES;
				CLANG_WARN_UNGUARDED_AVAILABILITY = YES_AGGRESSIVE;
				CLANG_WARN_UNREACHABLE_CODE = YES;
				CLANG_WARN__DUPLICATE_METHOD_MATCH = YES;
				CODE_SIGNING_REQUIRED = NO;
				CODE_SIGN_IDENTITY = "-";
				CODE_SIGN_STYLE = Manual;
				COPY_PHASE_STRIP = NO;
				DEBUG_INFORMATION_FORMAT = "dwarf-with-dsym";
				ENABLE_HARDENED_RUNTIME = NO;
				ENABLE_NS_ASSERTIONS = NO;
				ENABLE_STRICT_OBJC_MSGSEND = YES;
				GCC_C_LANGUAGE_STANDARD = gnu11;
				GCC_NO_COMMON_BLOCKS = YES;
				GCC_WARN_64_TO_32_BIT_CONVERSION = YES;
				GCC_WARN_ABOUT_RETURN_TYPE = YES_ERROR;
				GCC_WARN_UNDECLARED_SELECTOR = YES;
				GCC_WARN_UNINITIALIZED_AUTOS = YES_AGGRESSIVE;
				GCC_WARN_UNUSED_FUNCTION = YES;
				GCC_WARN_UNUSED_VARIABLE = YES;
				MACOSX_DEPLOYMENT_TARGET = 15.0;
				MTL_ENABLE_DEBUG_INFO = NO;
				MTL_FAST_MATH = YES;
				PRODUCT_NAME = "$(TARGET_NAME)";
				SDKROOT = macosx;
				SWIFT_COMPILATION_MODE = wholemodule;
				SWIFT_OPTIMIZATION_LEVEL = "-O";
				SWIFT_VERSION = 5;
			};
			name = Release;
		};
		EBCA36049C0DEF1E43D2B567 /* Debug */ = {
			isa = XCBuildConfiguration;
			buildSettings = {
				BUNDLE_LOADER = "$(TEST_HOST)";
				COMBINE_HIDPI_IMAGES = YES;
				LD_RUNPATH_SEARCH_PATHS = (
					"$(inherited)",
					"@executable_path/../Frameworks",
					"@loader_path/../Frameworks",
				);
				PRODUCT_BUNDLE_IDENTIFIER = dev.tapflow.FilterLogicTests;
				SDKROOT = macosx;
			};
			name = Debug;
		};
/* End XCBuildConfiguration section */

/* Begin XCConfigurationList section */
		5C9FD5E480EB5610D79E41A5 /* Build configuration list for PBXProject "TapflowNetFilterTests" */ = {
			isa = XCConfigurationList;
			buildConfigurations = (
				4D50ECF7CF0111305F46E8A9 /* Debug */,
				B987FE0C149852403F38EDCB /* Release */,
			);
			defaultConfigurationIsVisible = 0;
			defaultConfigurationName = Debug;
		};
		CE95EE8B609C5195D820EF9D /* Build configuration list for PBXNativeTarget "FilterLogicTests" */ = {
			isa = XCConfigurationList;
			buildConfigurations = (
				EBCA36049C0DEF1E43D2B567 /* Debug */,
				2AC661D698675A6561D0D763 /* Release */,
			);
			defaultConfigurationIsVisible = 0;
			defaultConfigurationName = Debug;
		};
/* End XCConfigurationList section */
	};
	rootObject = D075DA27540296D795C5473F /* Project object */;
}
